// !$*UTF8*$!
{
	archiveVersion = 1;
	classes = {
	};
	objectVersion = 56;
	objects = {

/* Begin PBXBuildFile section */
		2AD2E25A2B00182300EEE9F8 /* AppDelegate.swift in Sources */ = {isa = PBXBuildFile; fileRef = 2AD2E2592B00182300EEE9F8 /* AppDelegate.swift */; };
		2AD2E25C2B00182300EEE9F8 /* SceneDelegate.swift in Sources */ = {isa = PBXBuildFile; fileRef = 2AD2E25B2B00182300EEE9F8 /* SceneDelegate.swift */; };
		2AD2E25E2B00182300EEE9F8 /* ViewController.swift in Sources */ = {isa = PBXBuildFile; fileRef = 2AD2E25D2B00182300EEE9F8 /* ViewController.swift */; };
		2AD2E2612B00182300EEE9F8 /* Main.storyboard in Resources */ = {isa = PBXBuildFile; fileRef = 2AD2E25F2B00182300EEE9F8 /* Main.storyboard */; };
		2AD2E2632B00182600EEE9F8 /* Assets.xcassets in Resources */ = {isa = PBXBuildFile; fileRef = 2AD2E2622B00182600EEE9F8 /* Assets.xcassets */; };
		2AD2E2662B00182600EEE9F8 /* LaunchScreen.storyboard in Resources */ = {isa = PBXBuildFile; fileRef = 2AD2E2642B00182600EEE9F8 /* LaunchScreen.storyboard */; };
		2AD2E26E2B05793F00EEE9F8 /* GoogleService-Info.plist in Resources */ = {isa = PBXBuildFile; fileRef = 2AD2E26D2B05793F00EEE9F8 /* GoogleService-Info.plist */; };
		2AD2E2722B057D5500EEE9F8 /* FirebaseAuth in Frameworks */ = {isa = PBXBuildFile; productRef = 2AD2E2712B057D5500EEE9F8 /* FirebaseAuth */; };
		2AD2E2742B057D5500EEE9F8 /* FirebaseAuthCombine-Community in Frameworks */ = {isa = PBXBuildFile; productRef = 2AD2E2732B057D5500EEE9F8 /* FirebaseAuthCombine-Community */; };
		2AD2E2762B057D5500EEE9F8 /* FirebaseFirestore in Frameworks */ = {isa = PBXBuildFile; productRef = 2AD2E2752B057D5500EEE9F8 /* FirebaseFirestore */; };
		2AD2E2782B057D5500EEE9F8 /* FirebaseFirestoreCombine-Community in Frameworks */ = {isa = PBXBuildFile; productRef = 2AD2E2772B057D5500EEE9F8 /* FirebaseFirestoreCombine-Community */; };
		2AD2E27A2B057D5500EEE9F8 /* FirebaseFirestoreSwift in Frameworks */ = {isa = PBXBuildFile; productRef = 2AD2E2792B057D5500EEE9F8 /* FirebaseFirestoreSwift */; };
		2AD2E27C2B057D5500EEE9F8 /* FirebaseFunctions in Frameworks */ = {isa = PBXBuildFile; productRef = 2AD2E27B2B057D5500EEE9F8 /* FirebaseFunctions */; };
		2AD2E27E2B057D5500EEE9F8 /* FirebaseFunctionsCombine-Community in Frameworks */ = {isa = PBXBuildFile; productRef = 2AD2E27D2B057D5500EEE9F8 /* FirebaseFunctionsCombine-Community */; };
		2AD2E2802B057D5500EEE9F8 /* FirebaseInstallations in Frameworks */ = {isa = PBXBuildFile; productRef = 2AD2E27F2B057D5500EEE9F8 /* FirebaseInstallations */; };
		2AD2E2822B057D5500EEE9F8 /* FirebaseMessaging in Frameworks */ = {isa = PBXBuildFile; productRef = 2AD2E2812B057D5500EEE9F8 /* FirebaseMessaging */; };
		2AD2E2842B057D5500EEE9F8 /* FirebaseStorage in Frameworks */ = {isa = PBXBuildFile; productRef = 2AD2E2832B057D5500EEE9F8 /* FirebaseStorage */; };
		2AD2E2862B057D5500EEE9F8 /* FirebaseStorageCombine-Community in Frameworks */ = {isa = PBXBuildFile; productRef = 2AD2E2852B057D5500EEE9F8 /* FirebaseStorageCombine-Community */; };
		2AD2E28A2B057E0500EEE9F8 /* LoginViewController.swift in Sources */ = {isa = PBXBuildFile; fileRef = 2AD2E2882B057E0500EEE9F8 /* LoginViewController.swift */; };
		2AD2E28B2B057E0500EEE9F8 /* LoginScreenView.swift in Sources */ = {isa = PBXBuildFile; fileRef = 2AD2E2892B057E0500EEE9F8 /* LoginScreenView.swift */; };
		2AD2E28F2B057EAB00EEE9F8 /* SignUpViewController.swift in Sources */ = {isa = PBXBuildFile; fileRef = 2AD2E28D2B057EAA00EEE9F8 /* SignUpViewController.swift */; };
		2AD2E2902B057EAB00EEE9F8 /* SignUpScreenView.swift in Sources */ = {isa = PBXBuildFile; fileRef = 2AD2E28E2B057EAA00EEE9F8 /* SignUpScreenView.swift */; };
		2AD2E2922B057EF300EEE9F8 /* Utilities.swift in Sources */ = {isa = PBXBuildFile; fileRef = 2AD2E2912B057EF300EEE9F8 /* Utilities.swift */; };
		2AD2E2962B05839100EEE9F8 /* SignUpFirebaseManager.swift in Sources */ = {isa = PBXBuildFile; fileRef = 2AD2E2952B05839100EEE9F8 /* SignUpFirebaseManager.swift */; };
/* End PBXBuildFile section */

/* Begin PBXFileReference section */
		2AD2E2562B00182300EEE9F8 /* CS5520-WA8-ChatApp.app */ = {isa = PBXFileReference; explicitFileType = wrapper.application; includeInIndex = 0; path = "CS5520-WA8-ChatApp.app"; sourceTree = BUILT_PRODUCTS_DIR; };
		2AD2E2592B00182300EEE9F8 /* AppDelegate.swift */ = {isa = PBXFileReference; lastKnownFileType = sourcecode.swift; path = AppDelegate.swift; sourceTree = "<group>"; };
		2AD2E25B2B00182300EEE9F8 /* SceneDelegate.swift */ = {isa = PBXFileReference; lastKnownFileType = sourcecode.swift; path = SceneDelegate.swift; sourceTree = "<group>"; };
		2AD2E25D2B00182300EEE9F8 /* ViewController.swift */ = {isa = PBXFileReference; lastKnownFileType = sourcecode.swift; path = ViewController.swift; sourceTree = "<group>"; };
		2AD2E2602B00182300EEE9F8 /* Base */ = {isa = PBXFileReference; lastKnownFileType = file.storyboard; name = Base; path = Base.lproj/Main.storyboard; sourceTree = "<group>"; };
		2AD2E2622B00182600EEE9F8 /* Assets.xcassets */ = {isa = PBXFileReference; lastKnownFileType = folder.assetcatalog; path = Assets.xcassets; sourceTree = "<group>"; };
		2AD2E2652B00182600EEE9F8 /* Base */ = {isa = PBXFileReference; lastKnownFileType = file.storyboard; name = Base; path = Base.lproj/LaunchScreen.storyboard; sourceTree = "<group>"; };
		2AD2E2672B00182600EEE9F8 /* Info.plist */ = {isa = PBXFileReference; lastKnownFileType = text.plist.xml; path = Info.plist; sourceTree = "<group>"; };
		2AD2E26D2B05793F00EEE9F8 /* GoogleService-Info.plist */ = {isa = PBXFileReference; fileEncoding = 4; lastKnownFileType = text.plist.xml; path = "GoogleService-Info.plist"; sourceTree = "<group>"; };
		2AD2E2882B057E0500EEE9F8 /* LoginViewController.swift */ = {isa = PBXFileReference; fileEncoding = 4; lastKnownFileType = sourcecode.swift; path = LoginViewController.swift; sourceTree = "<group>"; };
		2AD2E2892B057E0500EEE9F8 /* LoginScreenView.swift */ = {isa = PBXFileReference; fileEncoding = 4; lastKnownFileType = sourcecode.swift; path = LoginScreenView.swift; sourceTree = "<group>"; };
		2AD2E28D2B057EAA00EEE9F8 /* SignUpViewController.swift */ = {isa = PBXFileReference; fileEncoding = 4; lastKnownFileType = sourcecode.swift; path = SignUpViewController.swift; sourceTree = "<group>"; };
		2AD2E28E2B057EAA00EEE9F8 /* SignUpScreenView.swift */ = {isa = PBXFileReference; fileEncoding = 4; lastKnownFileType = sourcecode.swift; path = SignUpScreenView.swift; sourceTree = "<group>"; };
		2AD2E2912B057EF300EEE9F8 /* Utilities.swift */ = {isa = PBXFileReference; fileEncoding = 4; lastKnownFileType = sourcecode.swift; path = Utilities.swift; sourceTree = "<group>"; };
		2AD2E2952B05839100EEE9F8 /* SignUpFirebaseManager.swift */ = {isa = PBXFileReference; fileEncoding = 4; lastKnownFileType = sourcecode.swift; path = SignUpFirebaseManager.swift; sourceTree = "<group>"; };
/* End PBXFileReference section */

/* Begin PBXFrameworksBuildPhase section */
		2AD2E2532B00182300EEE9F8 /* Frameworks */ = {
			isa = PBXFrameworksBuildPhase;
			buildActionMask = 2147483647;
			files = (
				2AD2E2862B057D5500EEE9F8 /* FirebaseStorageCombine-Community in Frameworks */,
				2AD2E2822B057D5500EEE9F8 /* FirebaseMessaging in Frameworks */,
				2AD2E27E2B057D5500EEE9F8 /* FirebaseFunctionsCombine-Community in Frameworks */,
				2AD2E27A2B057D5500EEE9F8 /* FirebaseFirestoreSwift in Frameworks */,
				2AD2E2842B057D5500EEE9F8 /* FirebaseStorage in Frameworks */,
				2AD2E2722B057D5500EEE9F8 /* FirebaseAuth in Frameworks */,
				2AD2E2802B057D5500EEE9F8 /* FirebaseInstallations in Frameworks */,
				2AD2E2782B057D5500EEE9F8 /* FirebaseFirestoreCombine-Community in Frameworks */,
				2AD2E27C2B057D5500EEE9F8 /* FirebaseFunctions in Frameworks */,
				2AD2E2742B057D5500EEE9F8 /* FirebaseAuthCombine-Community in Frameworks */,
				2AD2E2762B057D5500EEE9F8 /* FirebaseFirestore in Frameworks */,
			);
			runOnlyForDeploymentPostprocessing = 0;
		};
/* End PBXFrameworksBuildPhase section */

/* Begin PBXGroup section */
		2AD2E24D2B00182300EEE9F8 = {
			isa = PBXGroup;
			children = (
				2AD2E2582B00182300EEE9F8 /* CS5520-WA8-ChatApp */,
				2AD2E2572B00182300EEE9F8 /* Products */,
			);
			sourceTree = "<group>";
		};
		2AD2E2572B00182300EEE9F8 /* Products */ = {
			isa = PBXGroup;
			children = (
				2AD2E2562B00182300EEE9F8 /* CS5520-WA8-ChatApp.app */,
			);
			name = Products;
			sourceTree = "<group>";
		};
		2AD2E2582B00182300EEE9F8 /* CS5520-WA8-ChatApp */ = {
			isa = PBXGroup;
			children = (
				2AD2E2912B057EF300EEE9F8 /* Utilities.swift */,
				2AD2E28C2B057EAA00EEE9F8 /* SignUp Screen */,
				2AD2E2872B057E0500EEE9F8 /* Login Screen */,
				2AD2E2592B00182300EEE9F8 /* AppDelegate.swift */,
				2AD2E25B2B00182300EEE9F8 /* SceneDelegate.swift */,
				2AD2E25D2B00182300EEE9F8 /* ViewController.swift */,
				2AD2E25F2B00182300EEE9F8 /* Main.storyboard */,
				2AD2E2622B00182600EEE9F8 /* Assets.xcassets */,
				2AD2E2642B00182600EEE9F8 /* LaunchScreen.storyboard */,
				2AD2E2672B00182600EEE9F8 /* Info.plist */,
				2AD2E26D2B05793F00EEE9F8 /* GoogleService-Info.plist */,
			);
			path = "CS5520-WA8-ChatApp";
			sourceTree = "<group>";
		};
		2AD2E2872B057E0500EEE9F8 /* Login Screen */ = {
			isa = PBXGroup;
			children = (
				2AD2E2882B057E0500EEE9F8 /* LoginViewController.swift */,
				2AD2E2892B057E0500EEE9F8 /* LoginScreenView.swift */,
			);
			path = "Login Screen";
			sourceTree = "<group>";
		};
		2AD2E28C2B057EAA00EEE9F8 /* SignUp Screen */ = {
			isa = PBXGroup;
			children = (
				2AD2E2952B05839100EEE9F8 /* SignUpFirebaseManager.swift */,
				2AD2E28D2B057EAA00EEE9F8 /* SignUpViewController.swift */,
				2AD2E28E2B057EAA00EEE9F8 /* SignUpScreenView.swift */,
			);
			path = "SignUp Screen";
			sourceTree = "<group>";
		};
/* End PBXGroup section */

/* Begin PBXNativeTarget section */
		2AD2E2552B00182300EEE9F8 /* CS5520-WA8-ChatApp */ = {
			isa = PBXNativeTarget;
			buildConfigurationList = 2AD2E26A2B00182600EEE9F8 /* Build configuration list for PBXNativeTarget "CS5520-WA8-ChatApp" */;
			buildPhases = (
				2AD2E2522B00182300EEE9F8 /* Sources */,
				2AD2E2532B00182300EEE9F8 /* Frameworks */,
				2AD2E2542B00182300EEE9F8 /* Resources */,
			);
			buildRules = (
			);
			dependencies = (
			);
			name = "CS5520-WA8-ChatApp";
			packageProductDependencies = (
				2AD2E2712B057D5500EEE9F8 /* FirebaseAuth */,
				2AD2E2732B057D5500EEE9F8 /* FirebaseAuthCombine-Community */,
				2AD2E2752B057D5500EEE9F8 /* FirebaseFirestore */,
				2AD2E2772B057D5500EEE9F8 /* FirebaseFirestoreCombine-Community */,
				2AD2E2792B057D5500EEE9F8 /* FirebaseFirestoreSwift */,
				2AD2E27B2B057D5500EEE9F8 /* FirebaseFunctions */,
				2AD2E27D2B057D5500EEE9F8 /* FirebaseFunctionsCombine-Community */,
				2AD2E27F2B057D5500EEE9F8 /* FirebaseInstallations */,
				2AD2E2812B057D5500EEE9F8 /* FirebaseMessaging */,
				2AD2E2832B057D5500EEE9F8 /* FirebaseStorage */,
				2AD2E2852B057D5500EEE9F8 /* FirebaseStorageCombine-Community */,
			);
			productName = "CS5520-WA8-ChatApp";
			productReference = 2AD2E2562B00182300EEE9F8 /* CS5520-WA8-ChatApp.app */;
			productType = "com.apple.product-type.application";
		};
/* End PBXNativeTarget section */

/* Begin PBXProject section */
		2AD2E24E2B00182300EEE9F8 /* Project object */ = {
			isa = PBXProject;
			attributes = {
				BuildIndependentTargetsInParallel = 1;
				LastSwiftUpdateCheck = 1500;
				LastUpgradeCheck = 1500;
				TargetAttributes = {
					2AD2E2552B00182300EEE9F8 = {
						CreatedOnToolsVersion = 15.0;
					};
				};
			};
			buildConfigurationList = 2AD2E2512B00182300EEE9F8 /* Build configuration list for PBXProject "CS5520-WA8-ChatApp" */;
			compatibilityVersion = "Xcode 14.0";
			developmentRegion = en;
			hasScannedForEncodings = 0;
			knownRegions = (
				en,
				Base,
			);
			mainGroup = 2AD2E24D2B00182300EEE9F8;
			packageReferences = (
				2AD2E2702B057D5500EEE9F8 /* XCRemoteSwiftPackageReference "firebase-ios-sdk" */,
			);
			productRefGroup = 2AD2E2572B00182300EEE9F8 /* Products */;
			projectDirPath = "";
			projectRoot = "";
			targets = (
				2AD2E2552B00182300EEE9F8 /* CS5520-WA8-ChatApp */,
			);
		};
/* End PBXProject section */

/* Begin PBXResourcesBuildPhase section */
		2AD2E2542B00182300EEE9F8 /* Resources */ = {
			isa = PBXResourcesBuildPhase;
			buildActionMask = 2147483647;
			files = (
				2AD2E2662B00182600EEE9F8 /* LaunchScreen.storyboard in Resources */,
				2AD2E26E2B05793F00EEE9F8 /* GoogleService-Info.plist in Resources */,
				2AD2E2632B00182600EEE9F8 /* Assets.xcassets in Resources */,
				2AD2E2612B00182300EEE9F8 /* Main.storyboard in Resources */,
			);
			runOnlyForDeploymentPostprocessing = 0;
		};
/* End PBXResourcesBuildPhase section */

/* Begin PBXSourcesBuildPhase section */
		2AD2E2522B00182300EEE9F8 /* Sources */ = {
			isa = PBXSourcesBuildPhase;
			buildActionMask = 2147483647;
			files = (
				2AD2E28F2B057EAB00EEE9F8 /* SignUpViewController.swift in Sources */,
				2AD2E2962B05839100EEE9F8 /* SignUpFirebaseManager.swift in Sources */,
				2AD2E28B2B057E0500EEE9F8 /* LoginScreenView.swift in Sources */,
				2AD2E28A2B057E0500EEE9F8 /* LoginViewController.swift in Sources */,
				2AD2E25E2B00182300EEE9F8 /* ViewController.swift in Sources */,
				2AD2E2902B057EAB00EEE9F8 /* SignUpScreenView.swift in Sources */,
				2AD2E25A2B00182300EEE9F8 /* AppDelegate.swift in Sources */,
				2AD2E2922B057EF300EEE9F8 /* Utilities.swift in Sources */,
				2AD2E25C2B00182300EEE9F8 /* SceneDelegate.swift in Sources */,
			);
			runOnlyForDeploymentPostprocessing = 0;
		};
/* End PBXSourcesBuildPhase section */

/* Begin PBXVariantGroup section */
		2AD2E25F2B00182300EEE9F8 /* Main.storyboard */ = {
			isa = PBXVariantGroup;
			children = (
				2AD2E2602B00182300EEE9F8 /* Base */,
			);
			name = Main.storyboard;
			sourceTree = "<group>";
		};
		2AD2E2642B00182600EEE9F8 /* LaunchScreen.storyboard */ = {
			isa = PBXVariantGroup;
			children = (
				2AD2E2652B00182600EEE9F8 /* Base */,
			);
			name = LaunchScreen.storyboard;
			sourceTree = "<group>";
		};
/* End PBXVariantGroup section */

/* Begin XCBuildConfiguration section */
		2AD2E2682B00182600EEE9F8 /* Debug */ = {
			isa = XCBuildConfiguration;
			buildSettings = {
				ALWAYS_SEARCH_USER_PATHS = NO;
				ASSETCATALOG_COMPILER_GENERATE_SWIFT_ASSET_SYMBOL_EXTENSIONS = YES;
				CLANG_ANALYZER_NONNULL = YES;
				CLANG_ANALYZER_NUMBER_OBJECT_CONVERSION = YES_AGGRESSIVE;
				CLANG_CXX_LANGUAGE_STANDARD = "gnu++20";
				CLANG_ENABLE_MODULES = YES;
				CLANG_ENABLE_OBJC_ARC = YES;
				CLANG_ENABLE_OBJC_WEAK = YES;
				CLANG_WARN_BLOCK_CAPTURE_AUTORELEASING = YES;
				CLANG_WARN_BOOL_CONVERSION = YES;
				CLANG_WARN_COMMA = YES;
				CLANG_WARN_CONSTANT_CONVERSION = YES;
				CLANG_WARN_DEPRECATED_OBJC_IMPLEMENTATIONS = YES;
				CLANG_WARN_DIRECT_OBJC_ISA_USAGE = YES_ERROR;
				CLANG_WARN_DOCUMENTATION_COMMENTS = YES;
				CLANG_WARN_EMPTY_BODY = YES;
				CLANG_WARN_ENUM_CONVERSION = YES;
				CLANG_WARN_INFINITE_RECURSION = YES;
				CLANG_WARN_INT_CONVERSION = YES;
				CLANG_WARN_NON_LITERAL_NULL_CONVERSION = YES;
				CLANG_WARN_OBJC_IMPLICIT_RETAIN_SELF = YES;
				CLANG_WARN_OBJC_LITERAL_CONVERSION = YES;
				CLANG_WARN_OBJC_ROOT_CLASS = YES_ERROR;
				CLANG_WARN_QUOTED_INCLUDE_IN_FRAMEWORK_HEADER = YES;
				CLANG_WARN_RANGE_LOOP_ANALYSIS = YES;
				CLANG_WARN_STRICT_PROTOTYPES = YES;
				CLANG_WARN_SUSPICIOUS_MOVE = YES;
				CLANG_WARN_UNGUARDED_AVAILABILITY = YES_AGGRESSIVE;
				CLANG_WARN_UNREACHABLE_CODE = YES;
				CLANG_WARN__DUPLICATE_METHOD_MATCH = YES;
				COPY_PHASE_STRIP = NO;
				DEBUG_INFORMATION_FORMAT = dwarf;
				ENABLE_STRICT_OBJC_MSGSEND = YES;
				ENABLE_TESTABILITY = YES;
				ENABLE_USER_SCRIPT_SANDBOXING = YES;
				GCC_C_LANGUAGE_STANDARD = gnu17;
				GCC_DYNAMIC_NO_PIC = NO;
				GCC_NO_COMMON_BLOCKS = YES;
				GCC_OPTIMIZATION_LEVEL = 0;
				GCC_PREPROCESSOR_DEFINITIONS = (
					"DEBUG=1",
					"$(inherited)",
				);
				GCC_WARN_64_TO_32_BIT_CONVERSION = YES;
				GCC_WARN_ABOUT_RETURN_TYPE = YES_ERROR;
				GCC_WARN_UNDECLARED_SELECTOR = YES;
				GCC_WARN_UNINITIALIZED_AUTOS = YES_AGGRESSIVE;
				GCC_WARN_UNUSED_FUNCTION = YES;
				GCC_WARN_UNUSED_VARIABLE = YES;
				IPHONEOS_DEPLOYMENT_TARGET = 16.4;
				LOCALIZATION_PREFERS_STRING_CATALOGS = YES;
				MTL_ENABLE_DEBUG_INFO = INCLUDE_SOURCE;
				MTL_FAST_MATH = YES;
				ONLY_ACTIVE_ARCH = YES;
				SDKROOT = iphoneos;
				SWIFT_ACTIVE_COMPILATION_CONDITIONS = "DEBUG $(inherited)";
				SWIFT_OPTIMIZATION_LEVEL = "-Onone";
			};
			name = Debug;
		};
		2AD2E2692B00182600EEE9F8 /* Release */ = {
			isa = XCBuildConfiguration;
			buildSettings = {
				ALWAYS_SEARCH_USER_PATHS = NO;
				ASSETCATALOG_COMPILER_GENERATE_SWIFT_ASSET_SYMBOL_EXTENSIONS = YES;
				CLANG_ANALYZER_NONNULL = YES;
				CLANG_ANALYZER_NUMBER_OBJECT_CONVERSION = YES_AGGRESSIVE;
				CLANG_CXX_LANGUAGE_STANDARD = "gnu++20";
				CLANG_ENABLE_MODULES = YES;
				CLANG_ENABLE_OBJC_ARC = YES;
				CLANG_ENABLE_OBJC_WEAK = YES;
				CLANG_WARN_BLOCK_CAPTURE_AUTORELEASING = YES;
				CLANG_WARN_BOOL_CONVERSION = YES;
				CLANG_WARN_COMMA = YES;
				CLANG_WARN_CONSTANT_CONVERSION = YES;
				CLANG_WARN_DEPRECATED_OBJC_IMPLEMENTATIONS = YES;
				CLANG_WARN_DIRECT_OBJC_ISA_USAGE = YES_ERROR;
				CLANG_WARN_DOCUMENTATION_COMMENTS = YES;
				CLANG_WARN_EMPTY_BODY = YES;
				CLANG_WARN_ENUM_CONVERSION = YES;
				CLANG_WARN_INFINITE_RECURSION = YES;
				CLANG_WARN_INT_CONVERSION = YES;
				CLANG_WARN_NON_LITERAL_NULL_CONVERSION = YES;
				CLANG_WARN_OBJC_IMPLICIT_RETAIN_SELF = YES;
				CLANG_WARN_OBJC_LITERAL_CONVERSION = YES;
				CLANG_WARN_OBJC_ROOT_CLASS = YES_ERROR;
				CLANG_WARN_QUOTED_INCLUDE_IN_FRAMEWORK_HEADER = YES;
				CLANG_WARN_RANGE_LOOP_ANALYSIS = YES;
				CLANG_WARN_STRICT_PROTOTYPES = YES;
				CLANG_WARN_SUSPICIOUS_MOVE = YES;
				CLANG_WARN_UNGUARDED_AVAILABILITY = YES_AGGRESSIVE;
				CLANG_WARN_UNREACHABLE_CODE = YES;
				CLANG_WARN__DUPLICATE_METHOD_MATCH = YES;
				COPY_PHASE_STRIP = NO;
				DEBUG_INFORMATION_FORMAT = "dwarf-with-dsym";
				ENABLE_NS_ASSERTIONS = NO;
				ENABLE_STRICT_OBJC_MSGSEND = YES;
				ENABLE_USER_SCRIPT_SANDBOXING = YES;
				GCC_C_LANGUAGE_STANDARD = gnu17;
				GCC_NO_COMMON_BLOCKS = YES;
				GCC_WARN_64_TO_32_BIT_CONVERSION = YES;
				GCC_WARN_ABOUT_RETURN_TYPE = YES_ERROR;
				GCC_WARN_UNDECLARED_SELECTOR = YES;
				GCC_WARN_UNINITIALIZED_AUTOS = YES_AGGRESSIVE;
				GCC_WARN_UNUSED_FUNCTION = YES;
				GCC_WARN_UNUSED_VARIABLE = YES;
				IPHONEOS_DEPLOYMENT_TARGET = 16.4;
				LOCALIZATION_PREFERS_STRING_CATALOGS = YES;
				MTL_ENABLE_DEBUG_INFO = NO;
				MTL_FAST_MATH = YES;
				SDKROOT = iphoneos;
				SWIFT_COMPILATION_MODE = wholemodule;
				VALIDATE_PRODUCT = YES;
			};
			name = Release;
		};
		2AD2E26B2B00182600EEE9F8 /* Debug */ = {
			isa = XCBuildConfiguration;
			buildSettings = {
				ASSETCATALOG_COMPILER_APPICON_NAME = AppIcon;
				ASSETCATALOG_COMPILER_GLOBAL_ACCENT_COLOR_NAME = AccentColor;
				CODE_SIGN_STYLE = Automatic;
				CURRENT_PROJECT_VERSION = 1;
				DEVELOPMENT_TEAM = MCPP5829E7;
				GENERATE_INFOPLIST_FILE = YES;
				INFOPLIST_FILE = "CS5520-WA8-ChatApp/Info.plist";
				INFOPLIST_KEY_UIApplicationSupportsIndirectInputEvents = YES;
				INFOPLIST_KEY_UILaunchStoryboardName = LaunchScreen;
				INFOPLIST_KEY_UIMainStoryboardFile = Main;
				INFOPLIST_KEY_UISupportedInterfaceOrientations_iPad = "UIInterfaceOrientationPortrait UIInterfaceOrientationPortraitUpsideDown UIInterfaceOrientationLandscapeLeft UIInterfaceOrientationLandscapeRight";
				INFOPLIST_KEY_UISupportedInterfaceOrientations_iPhone = "UIInterfaceOrientationPortrait UIInterfaceOrientationLandscapeLeft UIInterfaceOrientationLandscapeRight";
				IPHONEOS_DEPLOYMENT_TARGET = 16.4;
				LD_RUNPATH_SEARCH_PATHS = (
					"$(inherited)",
					"@executable_path/Frameworks",
				);
				MARKETING_VERSION = 1.0;
				PRODUCT_BUNDLE_IDENTIFIER = "com.group9.CS5520-WA8-ChatApp";
				PRODUCT_NAME = "$(TARGET_NAME)";
				SWIFT_EMIT_LOC_STRINGS = YES;
				SWIFT_VERSION = 5.0;
				TARGETED_DEVICE_FAMILY = "1,2";
			};
			name = Debug;
		};
		2AD2E26C2B00182600EEE9F8 /* Release */ = {
			isa = XCBuildConfiguration;
			buildSettings = {
				ASSETCATALOG_COMPILER_APPICON_NAME = AppIcon;
				ASSETCATALOG_COMPILER_GLOBAL_ACCENT_COLOR_NAME = AccentColor;
				CODE_SIGN_STYLE = Automatic;
				CURRENT_PROJECT_VERSION = 1;
				DEVELOPMENT_TEAM = MCPP5829E7;
				GENERATE_INFOPLIST_FILE = YES;
				INFOPLIST_FILE = "CS5520-WA8-ChatApp/Info.plist";
				INFOPLIST_KEY_UIApplicationSupportsIndirectInputEvents = YES;
				INFOPLIST_KEY_UILaunchStoryboardName = LaunchScreen;
				INFOPLIST_KEY_UIMainStoryboardFile = Main;
				INFOPLIST_KEY_UISupportedInterfaceOrientations_iPad = "UIInterfaceOrientationPortrait UIInterfaceOrientationPortraitUpsideDown UIInterfaceOrientationLandscapeLeft UIInterfaceOrientationLandscapeRight";
				INFOPLIST_KEY_UISupportedInterfaceOrientations_iPhone = "UIInterfaceOrientationPortrait UIInterfaceOrientationLandscapeLeft UIInterfaceOrientationLandscapeRight";
				IPHONEOS_DEPLOYMENT_TARGET = 16.4;
				LD_RUNPATH_SEARCH_PATHS = (
					"$(inherited)",
					"@executable_path/Frameworks",
				);
				MARKETING_VERSION = 1.0;
				PRODUCT_BUNDLE_IDENTIFIER = "com.group9.CS5520-WA8-ChatApp";
				PRODUCT_NAME = "$(TARGET_NAME)";
				SWIFT_EMIT_LOC_STRINGS = YES;
				SWIFT_VERSION = 5.0;
				TARGETED_DEVICE_FAMILY = "1,2";
			};
			name = Release;
		};
/* End XCBuildConfiguration section */

/* Begin XCConfigurationList section */
		2AD2E2512B00182300EEE9F8 /* Build configuration list for PBXProject "CS5520-WA8-ChatApp" */ = {
			isa = XCConfigurationList;
			buildConfigurations = (
				2AD2E2682B00182600EEE9F8 /* Debug */,
				2AD2E2692B00182600EEE9F8 /* Release */,
			);
			defaultConfigurationIsVisible = 0;
			defaultConfigurationName = Release;
		};
		2AD2E26A2B00182600EEE9F8 /* Build configuration list for PBXNativeTarget "CS5520-WA8-ChatApp" */ = {
			isa = XCConfigurationList;
			buildConfigurations = (
				2AD2E26B2B00182600EEE9F8 /* Debug */,
				2AD2E26C2B00182600EEE9F8 /* Release */,
			);
			defaultConfigurationIsVisible = 0;
			defaultConfigurationName = Release;
		};
/* End XCConfigurationList section */

/* Begin XCRemoteSwiftPackageReference section */
		2AD2E2702B057D5500EEE9F8 /* XCRemoteSwiftPackageReference "firebase-ios-sdk" */ = {
			isa = XCRemoteSwiftPackageReference;
			repositoryURL = "https://github.com/firebase/firebase-ios-sdk";
			requirement = {
				kind = upToNextMajorVersion;
				minimumVersion = 10.18.0;
			};
		};
/* End XCRemoteSwiftPackageReference section */

/* Begin XCSwiftPackageProductDependency section */
		2AD2E2712B057D5500EEE9F8 /* FirebaseAuth */ = {
			isa = XCSwiftPackageProductDependency;
			package = 2AD2E2702B057D5500EEE9F8 /* XCRemoteSwiftPackageReference "firebase-ios-sdk" */;
			productName = FirebaseAuth;
		};
		2AD2E2732B057D5500EEE9F8 /* FirebaseAuthCombine-Community */ = {
			isa = XCSwiftPackageProductDependency;
			package = 2AD2E2702B057D5500EEE9F8 /* XCRemoteSwiftPackageReference "firebase-ios-sdk" */;
			productName = "FirebaseAuthCombine-Community";
		};
		2AD2E2752B057D5500EEE9F8 /* FirebaseFirestore */ = {
			isa = XCSwiftPackageProductDependency;
			package = 2AD2E2702B057D5500EEE9F8 /* XCRemoteSwiftPackageReference "firebase-ios-sdk" */;
			productName = FirebaseFirestore;
		};
		2AD2E2772B057D5500EEE9F8 /* FirebaseFirestoreCombine-Community */ = {
			isa = XCSwiftPackageProductDependency;
			package = 2AD2E2702B057D5500EEE9F8 /* XCRemoteSwiftPackageReference "firebase-ios-sdk" */;
			productName = "FirebaseFirestoreCombine-Community";
		};
		2AD2E2792B057D5500EEE9F8 /* FirebaseFirestoreSwift */ = {
			isa = XCSwiftPackageProductDependency;
			package = 2AD2E2702B057D5500EEE9F8 /* XCRemoteSwiftPackageReference "firebase-ios-sdk" */;
			productName = FirebaseFirestoreSwift;
		};
		2AD2E27B2B057D5500EEE9F8 /* FirebaseFunctions */ = {
			isa = XCSwiftPackageProductDependency;
			package = 2AD2E2702B057D5500EEE9F8 /* XCRemoteSwiftPackageReference "firebase-ios-sdk" */;
			productName = FirebaseFunctions;
		};
		2AD2E27D2B057D5500EEE9F8 /* FirebaseFunctionsCombine-Community */ = {
			isa = XCSwiftPackageProductDependency;
			package = 2AD2E2702B057D5500EEE9F8 /* XCRemoteSwiftPackageReference "firebase-ios-sdk" */;
			productName = "FirebaseFunctionsCombine-Community";
		};
		2AD2E27F2B057D5500EEE9F8 /* FirebaseInstallations */ = {
			isa = XCSwiftPackageProductDependency;
			package = 2AD2E2702B057D5500EEE9F8 /* XCRemoteSwiftPackageReference "firebase-ios-sdk" */;
			productName = FirebaseInstallations;
		};
		2AD2E2812B057D5500EEE9F8 /* FirebaseMessaging */ = {
			isa = XCSwiftPackageProductDependency;
			package = 2AD2E2702B057D5500EEE9F8 /* XCRemoteSwiftPackageReference "firebase-ios-sdk" */;
			productName = FirebaseMessaging;
		};
		2AD2E2832B057D5500EEE9F8 /* FirebaseStorage */ = {
			isa = XCSwiftPackageProductDependency;
			package = 2AD2E2702B057D5500EEE9F8 /* XCRemoteSwiftPackageReference "firebase-ios-sdk" */;
			productName = FirebaseStorage;
		};
		2AD2E2852B057D5500EEE9F8 /* FirebaseStorageCombine-Community */ = {
			isa = XCSwiftPackageProductDependency;
			package = 2AD2E2702B057D5500EEE9F8 /* XCRemoteSwiftPackageReference "firebase-ios-sdk" */;
			productName = "FirebaseStorageCombine-Community";
		};
/* End XCSwiftPackageProductDependency section */
	};
	rootObject = 2AD2E24E2B00182300EEE9F8 /* Project object */;
}
